
Microsoft Visual Studio Solution File, Format Version 12.00
# Visual Studio Version 17
VisualStudioVersion = 17.2.32630.192
MinimumVisualStudioVersion = 10.0.40219.1
Project("{9A19103F-16F7-4668-BE54-9A1E7A4F7556}") = "SyncAsyncBridge", "SyncAsyncBridge\SyncAsyncBridge.csproj", "{95B4B4E1-C1CA-48FE-83D2-7A5FB2B9771C}"
EndProject
Project("{2150E333-8FDC-42A3-9474-1A3956D46DE8}") = "Solution Items", "Solution Items", "{D045AA25-3057-4129-B892-1D5E59075603}"
	ProjectSection(SolutionItems) = preProject
		.editorconfig = .editorconfig
	EndProjectSection
EndProject
Global
	GlobalSection(SolutionConfigurationPlatforms) = preSolution
		Debug|Any CPU = Debug|Any CPU
		Release|Any CPU = Release|Any CPU
	EndGlobalSection
	GlobalSection(ProjectConfigurationPlatforms) = postSolution
		{95B4B4E1-C1CA-48FE-83D2-7A5FB2B9771C}.Debug|Any CPU.ActiveCfg = Debug|Any CPU
		{95B4B4E1-C1CA-48FE-83D2-7A5FB2B9771C}.Debug|Any CPU.Build.0 = Debug|Any CPU
		{95B4B4E1-C1CA-48FE-83D2-7A5FB2B9771C}.Release|Any CPU.ActiveCfg = Release|Any CPU
		{95B4B4E1-C1CA-48FE-83D2-7A5FB2B9771C}.Release|Any CPU.Build.0 = Release|Any CPU
	EndGlobalSection
	GlobalSection(SolutionProperties) = preSolution
		HideSolutionNode = FALSE
	EndGlobalSection
	GlobalSection(ExtensibilityGlobals) = postSolution
		SolutionGuid = {0005D25B-A7E7-490A-AB09-4522CB1DFD51}
	EndGlobalSection
EndGlobal
